{
  "meteor": {},
  "dependencies": {
    "basePackages": {
      "npm": {},
      "collection2": {},
      "autoform": {},
      "roles": {},
      "managedUsers": {},
      "iron-router": {},
      "bootboxjs": {},
      "observatory": {},
      "event-hooks": {},
      "profile-online": {},
      "moment-alternative": {},
      "bootstrap-themes": {},
      "headers": {},
      "bootstrap-3": {}
    },
    "packages": {
      "npm": {
        "git": "https://github.com/arunoda/meteor-npm.git",
        "tag": "v0.2.6",
        "commit": "177ab6118de5bf8cffb19481343d5762ff7a2aaf"
      },
      "collection2": {
        "git": "https://github.com/aldeed/meteor-collection2.git",
        "tag": "v0.2.17",
        "commit": "186cc58040764b816392e19178ba373bda7a91c6"
      },
      "autoform": {
        "git": "https://github.com/aldeed/meteor-autoform.git",
        "tag": "v0.4.7",
        "commit": "66c2fdbe40dcd3f75a9c93b5916d1595ee9cf394"
      },
      "roles": {
        "git": "https://github.com/alanning/meteor-roles.git",
        "tag": "v1.2.6",
        "commit": "f2a9058281f8f2fe028767841d7445aadd6893cf"
      },
      "managedUsers": {
        "git": "https://github.com/jzgoda/managedUsers.git",
        "tag": "v0.1.6",
        "commit": "becaa15e37cddb28d0da26bb57015c92242d2915"
      },
      "iron-router": {
        "git": "https://github.com/EventedMind/iron-router.git",
        "tag": "v0.6.1",
        "commit": "4e1ee0581d68bff422a915dacb0bd30eae10fe08"
      },
      "bootboxjs": {
        "git": "https://github.com/TimHeckel/meteor-bootboxjs.git",
        "tag": "v3.2.2",
        "commit": "580adfebfa12b4d2186a80cec1109dab74ad6228"
      },
      "observatory": {
        "git": "https://github.com/jhoxray/observatory.git",
        "tag": "v0.3.21",
        "commit": "3d6b436af0a70b784d0f9ec4709907c77bd4fd63"
      },
      "event-hooks": {
        "git": "https://github.com/BenjaminRH/meteor-event-hooks.git",
        "tag": "v1.4.3",
        "commit": "ba4f3d7887748458618d29615492906f0c88d31c"
      },
      "profile-online": {
        "git": "https://github.com/erundook/meteor-profile-online.git",
        "tag": "v0.1.9",
        "commit": "a982f18f22cb2025a02a9b38815c68e23469cd4b"
      },
      "moment-alternative": {
        "git": "https://github.com/acreeger/meteor-moment.git",
        "tag": "v2.1.0.3",
        "commit": "ab7d2dd2f5035b9eb011cc8ddb34d24da4b18cde"
      },
      "bootstrap-themes": {
        "git": "https://github.com/eprochasson/meteor-bootstrap-themes",
        "tag": "v0.0.5",
        "commit": "7b711bd22646db199662bc05fea1df6ad5cc4c22"
      },
      "headers": {
        "git": "https://github.com/gadicohen/meteor-headers.git",
        "tag": "v0.0.12",
        "commit": "33fff7cfc874140cf5d51f93de8b7c20acad4fe8"
      },
      "bootstrap-3": {
        "git": "https://github.com/mangasocial/meteor-bootstrap-3.git",
        "tag": "v0.3.7",
        "commit": "5dd0d142c870647b910be80bc777b96f0dd45e5e"
      },
      "simple-schema": {
        "git": "https://github.com/aldeed/meteor-simple-schema.git",
        "tag": "v0.2.25",
        "commit": "277917a78e8a86123a2d99ec0f9d4bb14b7815f5"
      },
      "moment": {
        "git": "https://github.com/acreeger/meteor-moment.git",
        "tag": "v2.2.1",
        "commit": "9ee12e714afe56b189f53076447b7b54f3012065"
      },
      "observatory-apollo": {
        "git": "https://github.com/superstringsoftware/observatory-apollo.git",
        "tag": "v0.3.2",
        "commit": "f704848187a4da2bd179864ae80a1f73a3fd22a6"
      },
      "observatory-galileo": {
        "git": "https://github.com/superstringsoftware/observatory-galileo.git",
        "branch": "master",
        "commit": "f21b80e6502d38a7ce66206374b706f2cbd0228d"
      }
    }
  }
}
